{
  "pins" : [
    {
      "identity" : "swift-shared-kit",
      "kind" : "remoteSourceControl",
      "location" : "https://github.com/nathanborror/swift-shared-kit",
      "state" : {
        "branch" : "main",
        "revision" : "7a0ef4690938ace2579d222fa5da7ea7f2c4c56e"
      }
    }
  ],
  "version" : 2
}
