{
  "pins" : [
    {
      "identity" : "swift-shared-kit",
      "kind" : "remoteSourceControl",
      "location" : "https://github.com/nathanborror/swift-shared-kit",
      "state" : {
        "branch" : "main",
        "revision" : "6f337fff5f44d79640a05e44aa9408ce64a3c63b"
      }
    }
  ],
  "version" : 2
}
